
Microsoft Visual Studio Solution File, Format Version 12.00
Project("{FAE04EC0-301F-11D3-BF4B-00C04F79EFBC}") = "Movies.Application", "Movies.Application\Movies.Application.csproj", "{A0B7856F-BE3B-49B2-8105-D7457E167E58}"
EndProject
Project("{FAE04EC0-301F-11D3-BF4B-00C04F79EFBC}") = "Movies.Api", "Movies.Api\Movies.Api.csproj", "{120A26FB-BCA8-401B-9AE6-798D2C64C29C}"
EndProject
Project("{FAE04EC0-301F-11D3-BF4B-00C04F79EFBC}") = "Movies.Contracts", "Movies.Contracts\Movies.Contracts.csproj", "{67259913-43AC-4256-94DC-89AA381080D9}"
EndProject
Project("{FAE04EC0-301F-11D3-BF4B-00C04F79EFBC}") = "Identity.Api", "Identity.Api\Identity.Api.csproj", "{F3C627A2-2BAE-4D8A-B7F7-9F93B148D263}"
EndProject
Project("{FAE04EC0-301F-11D3-BF4B-00C04F79EFBC}") = "Movies.Api.Sdk", "Movies.Api.Sdk\Movies.Api.Sdk.csproj", "{83D05270-7B11-40F2-920B-41EAA6DB23CF}"
EndProject
Project("{FAE04EC0-301F-11D3-BF4B-00C04F79EFBC}") = "Movies.Api.Sdk.Consumer", "Movies.Api.Sdk.Consumer\Movies.Api.Sdk.Consumer.csproj", "{985BCEE1-7F0E-4186-9592-7467E30A7704}"
EndProject
Global
	GlobalSection(SolutionConfigurationPlatforms) = preSolution
		Debug|Any CPU = Debug|Any CPU
		Release|Any CPU = Release|Any CPU
	EndGlobalSection
	GlobalSection(ProjectConfigurationPlatforms) = postSolution
		{A0B7856F-BE3B-49B2-8105-D7457E167E58}.Debug|Any CPU.ActiveCfg = Debug|Any CPU
		{A0B7856F-BE3B-49B2-8105-D7457E167E58}.Debug|Any CPU.Build.0 = Debug|Any CPU
		{A0B7856F-BE3B-49B2-8105-D7457E167E58}.Release|Any CPU.ActiveCfg = Release|Any CPU
		{A0B7856F-BE3B-49B2-8105-D7457E167E58}.Release|Any CPU.Build.0 = Release|Any CPU
		{120A26FB-BCA8-401B-9AE6-798D2C64C29C}.Debug|Any CPU.ActiveCfg = Debug|Any CPU
		{120A26FB-BCA8-401B-9AE6-798D2C64C29C}.Debug|Any CPU.Build.0 = Debug|Any CPU
		{120A26FB-BCA8-401B-9AE6-798D2C64C29C}.Release|Any CPU.ActiveCfg = Release|Any CPU
		{120A26FB-BCA8-401B-9AE6-798D2C64C29C}.Release|Any CPU.Build.0 = Release|Any CPU
		{67259913-43AC-4256-94DC-89AA381080D9}.Debug|Any CPU.ActiveCfg = Debug|Any CPU
		{67259913-43AC-4256-94DC-89AA381080D9}.Debug|Any CPU.Build.0 = Debug|Any CPU
		{67259913-43AC-4256-94DC-89AA381080D9}.Release|Any CPU.ActiveCfg = Release|Any CPU
		{67259913-43AC-4256-94DC-89AA381080D9}.Release|Any CPU.Build.0 = Release|Any CPU
		{F3C627A2-2BAE-4D8A-B7F7-9F93B148D263}.Debug|Any CPU.ActiveCfg = Debug|Any CPU
		{F3C627A2-2BAE-4D8A-B7F7-9F93B148D263}.Debug|Any CPU.Build.0 = Debug|Any CPU
		{F3C627A2-2BAE-4D8A-B7F7-9F93B148D263}.Release|Any CPU.ActiveCfg = Release|Any CPU
		{F3C627A2-2BAE-4D8A-B7F7-9F93B148D263}.Release|Any CPU.Build.0 = Release|Any CPU
		{83D05270-7B11-40F2-920B-41EAA6DB23CF}.Debug|Any CPU.ActiveCfg = Debug|Any CPU
		{83D05270-7B11-40F2-920B-41EAA6DB23CF}.Debug|Any CPU.Build.0 = Debug|Any CPU
		{83D05270-7B11-40F2-920B-41EAA6DB23CF}.Release|Any CPU.ActiveCfg = Release|Any CPU
		{83D05270-7B11-40F2-920B-41EAA6DB23CF}.Release|Any CPU.Build.0 = Release|Any CPU
		{985BCEE1-7F0E-4186-9592-7467E30A7704}.Debug|Any CPU.ActiveCfg = Debug|Any CPU
		{985BCEE1-7F0E-4186-9592-7467E30A7704}.Debug|Any CPU.Build.0 = Debug|Any CPU
		{985BCEE1-7F0E-4186-9592-7467E30A7704}.Release|Any CPU.ActiveCfg = Release|Any CPU
		{985BCEE1-7F0E-4186-9592-7467E30A7704}.Release|Any CPU.Build.0 = Release|Any CPU
	EndGlobalSection
EndGlobal
